
Microsoft Visual Studio Solution File, Format Version 12.00
# Visual Studio Version 16
VisualStudioVersion = 16.0.30717.126
MinimumVisualStudioVersion = 10.0.40219.1
Project("{8BC9CEB8-8B4A-11D0-8D11-00A0C91BC942}") = "CVE20190708SCAN", "CVE20190708SCAN.vcxproj", "{4C879C98-3838-4D2E-9210-D43D55DF27F3}"
EndProject
Global
	GlobalSection(SolutionConfigurationPlatforms) = preSolution
		Debug|x64 = Debug|x64
		Debug|x86 = Debug|x86
		Release|x64 = Release|x64
		Release|x86 = Release|x86
	EndGlobalSection
	GlobalSection(ProjectConfigurationPlatforms) = postSolution
		{4C879C98-3838-4D2E-9210-D43D55DF27F3}.Debug|x64.ActiveCfg = Debug|x64
		{4C879C98-3838-4D2E-9210-D43D55DF27F3}.Debug|x64.Build.0 = Debug|x64
		{4C879C98-3838-4D2E-9210-D43D55DF27F3}.Debug|x86.ActiveCfg = Debug|Win32
		{4C879C98-3838-4D2E-9210-D43D55DF27F3}.Debug|x86.Build.0 = Debug|Win32
		{4C879C98-3838-4D2E-9210-D43D55DF27F3}.Release|x64.ActiveCfg = Release|x64
		{4C879C98-3838-4D2E-9210-D43D55DF27F3}.Release|x64.Build.0 = Release|x64
		{4C879C98-3838-4D2E-9210-D43D55DF27F3}.Release|x86.ActiveCfg = Release|Win32
		{4C879C98-3838-4D2E-9210-D43D55DF27F3}.Release|x86.Build.0 = Release|Win32
	EndGlobalSection
	GlobalSection(SolutionProperties) = preSolution
		HideSolutionNode = FALSE
	EndGlobalSection
	GlobalSection(ExtensibilityGlobals) = postSolution
		SolutionGuid = {53482BDD-2912-4C86-BF45-703ADC8D8C87}
	EndGlobalSection
EndGlobal
